
Microsoft Visual Studio Solution File, Format Version 12.00
# Visual Studio Version 16
VisualStudioVersion = 16.0.31105.61
MinimumVisualStudioVersion = 10.0.40219.1
Project("{9A19103F-16F7-4668-BE54-9A1E7A4F7556}") = "AspNetCoreConfig", "AspNetCoreConfig\AspNetCoreConfig.csproj", "{EB0082DD-869C-4289-98AA-F49BB1F3C017}"
EndProject
Project("{FAE04EC0-301F-11D3-BF4B-00C04F79EFBC}") = "BusinessLayer", "BusinessLayer\BusinessLayer.csproj", "{B2A64B24-C5E9-47C7-825F-1F3D0EA407E3}"
EndProject
Project("{FAE04EC0-301F-11D3-BF4B-00C04F79EFBC}") = "DataAccessLayer", "DataAccessLayer\DataAccessLayer.csproj", "{043A9D83-F8F4-4126-B38D-9E710BDC04AB}"
EndProject
Global
	GlobalSection(SolutionConfigurationPlatforms) = preSolution
		Debug|Any CPU = Debug|Any CPU
		Release|Any CPU = Release|Any CPU
	EndGlobalSection
	GlobalSection(ProjectConfigurationPlatforms) = postSolution
		{EB0082DD-869C-4289-98AA-F49BB1F3C017}.Debug|Any CPU.ActiveCfg = Debug|Any CPU
		{EB0082DD-869C-4289-98AA-F49BB1F3C017}.Debug|Any CPU.Build.0 = Debug|Any CPU
		{EB0082DD-869C-4289-98AA-F49BB1F3C017}.Release|Any CPU.ActiveCfg = Release|Any CPU
		{EB0082DD-869C-4289-98AA-F49BB1F3C017}.Release|Any CPU.Build.0 = Release|Any CPU
		{B2A64B24-C5E9-47C7-825F-1F3D0EA407E3}.Debug|Any CPU.ActiveCfg = Debug|Any CPU
		{B2A64B24-C5E9-47C7-825F-1F3D0EA407E3}.Debug|Any CPU.Build.0 = Debug|Any CPU
		{B2A64B24-C5E9-47C7-825F-1F3D0EA407E3}.Release|Any CPU.ActiveCfg = Release|Any CPU
		{B2A64B24-C5E9-47C7-825F-1F3D0EA407E3}.Release|Any CPU.Build.0 = Release|Any CPU
		{043A9D83-F8F4-4126-B38D-9E710BDC04AB}.Debug|Any CPU.ActiveCfg = Debug|Any CPU
		{043A9D83-F8F4-4126-B38D-9E710BDC04AB}.Debug|Any CPU.Build.0 = Debug|Any CPU
		{043A9D83-F8F4-4126-B38D-9E710BDC04AB}.Release|Any CPU.ActiveCfg = Release|Any CPU
		{043A9D83-F8F4-4126-B38D-9E710BDC04AB}.Release|Any CPU.Build.0 = Release|Any CPU
	EndGlobalSection
	GlobalSection(SolutionProperties) = preSolution
		HideSolutionNode = FALSE
	EndGlobalSection
	GlobalSection(ExtensibilityGlobals) = postSolution
		SolutionGuid = {2E8B5E99-9011-4585-833E-F42A67CA0D28}
	EndGlobalSection
EndGlobal
