
Microsoft Visual Studio Solution File, Format Version 12.00
# Visual Studio Version 16
VisualStudioVersion = 16.0.31105.61
MinimumVisualStudioVersion = 10.0.40219.1
Project("{9A19103F-16F7-4668-BE54-9A1E7A4F7556}") = "AspNetCoreConfig", "AspNetCoreConfig\AspNetCoreConfig.csproj", "{EB0082DD-869C-4289-98AA-F49BB1F3C017}"
EndProject
Project("{FAE04EC0-301F-11D3-BF4B-00C04F79EFBC}") = "BusinessLayer", "BusinessLayer\BusinessLayer.csproj", "{A5EDA553-1C22-422E-9734-A3631659728E}"
EndProject
Project("{FAE04EC0-301F-11D3-BF4B-00C04F79EFBC}") = "DataAccessLayer", "DataAccessLayer\DataAccessLayer.csproj", "{29900F5E-572D-4321-989B-6C00F179F311}"
EndProject
Global
	GlobalSection(SolutionConfigurationPlatforms) = preSolution
		Debug|Any CPU = Debug|Any CPU
		Release|Any CPU = Release|Any CPU
	EndGlobalSection
	GlobalSection(ProjectConfigurationPlatforms) = postSolution
		{EB0082DD-869C-4289-98AA-F49BB1F3C017}.Debug|Any CPU.ActiveCfg = Debug|Any CPU
		{EB0082DD-869C-4289-98AA-F49BB1F3C017}.Debug|Any CPU.Build.0 = Debug|Any CPU
		{EB0082DD-869C-4289-98AA-F49BB1F3C017}.Release|Any CPU.ActiveCfg = Release|Any CPU
		{EB0082DD-869C-4289-98AA-F49BB1F3C017}.Release|Any CPU.Build.0 = Release|Any CPU
		{A5EDA553-1C22-422E-9734-A3631659728E}.Debug|Any CPU.ActiveCfg = Debug|Any CPU
		{A5EDA553-1C22-422E-9734-A3631659728E}.Debug|Any CPU.Build.0 = Debug|Any CPU
		{A5EDA553-1C22-422E-9734-A3631659728E}.Release|Any CPU.ActiveCfg = Release|Any CPU
		{A5EDA553-1C22-422E-9734-A3631659728E}.Release|Any CPU.Build.0 = Release|Any CPU
		{29900F5E-572D-4321-989B-6C00F179F311}.Debug|Any CPU.ActiveCfg = Debug|Any CPU
		{29900F5E-572D-4321-989B-6C00F179F311}.Debug|Any CPU.Build.0 = Debug|Any CPU
		{29900F5E-572D-4321-989B-6C00F179F311}.Release|Any CPU.ActiveCfg = Release|Any CPU
		{29900F5E-572D-4321-989B-6C00F179F311}.Release|Any CPU.Build.0 = Release|Any CPU
	EndGlobalSection
	GlobalSection(SolutionProperties) = preSolution
		HideSolutionNode = FALSE
	EndGlobalSection
	GlobalSection(ExtensibilityGlobals) = postSolution
		SolutionGuid = {2E8B5E99-9011-4585-833E-F42A67CA0D28}
	EndGlobalSection
EndGlobal
